
Microsoft Visual Studio Solution File, Format Version 12.00
# Visual Studio 15
VisualStudioVersion = 15.0.28307.539
MinimumVisualStudioVersion = 10.0.40219.1
Project("{E24C65DC-7377-472B-9ABA-BC803B73C61A}") = "Professional-One", "Professional-One\", "{81969FC3-ED49-42A9-B85E-2E5362099011}"
	ProjectSection(WebsiteProperties) = preProject
		TargetFrameworkMoniker = ".NETFramework,Version%3Dv4.6.1"
		Debug.AspNetCompiler.VirtualPath = "/localhost_60365"
		Debug.AspNetCompiler.PhysicalPath = "Professional-One\"
		Debug.AspNetCompiler.TargetPath = "PrecompiledWeb\localhost_60365\"
		Debug.AspNetCompiler.Updateable = "true"
		Debug.AspNetCompiler.ForceOverwrite = "true"
		Debug.AspNetCompiler.FixedNames = "false"
		Debug.AspNetCompiler.Debug = "True"
		Release.AspNetCompiler.VirtualPath = "/localhost_60365"
		Release.AspNetCompiler.PhysicalPath = "Professional-One\"
		Release.AspNetCompiler.TargetPath = "PrecompiledWeb\localhost_60365\"
		Release.AspNetCompiler.Updateable = "true"
		Release.AspNetCompiler.ForceOverwrite = "true"
		Release.AspNetCompiler.FixedNames = "false"
		Release.AspNetCompiler.Debug = "False"
		VWDPort = "60365"
		SlnRelativePath = "Professional-One\"
		DefaultWebSiteLanguage = "Visual C#"
	EndProjectSection
EndProject
Global
	GlobalSection(SolutionConfigurationPlatforms) = preSolution
		Debug|Any CPU = Debug|Any CPU
	EndGlobalSection
	GlobalSection(ProjectConfigurationPlatforms) = postSolution
		{81969FC3-ED49-42A9-B85E-2E5362099011}.Debug|Any CPU.ActiveCfg = Debug|Any CPU
		{81969FC3-ED49-42A9-B85E-2E5362099011}.Debug|Any CPU.Build.0 = Debug|Any CPU
	EndGlobalSection
	GlobalSection(SolutionProperties) = preSolution
		HideSolutionNode = FALSE
	EndGlobalSection
	GlobalSection(ExtensibilityGlobals) = postSolution
		SolutionGuid = {939FA3B5-440F-4F3C-891C-6B3212485854}
	EndGlobalSection
EndGlobal
